
Microsoft Visual Studio Solution File, Format Version 12.00
# Visual Studio Version 16
VisualStudioVersion = 16.0.32929.386
MinimumVisualStudioVersion = 10.0.40219.1
Project("{FAE04EC0-301F-11D3-BF4B-00C04F79EFBC}") = "AppMalvoyant", "AppMalvoyant\AppMalvoyant.csproj", "{27366010-F581-46CF-BC81-B46CBE81B05C}"
EndProject
Global
	GlobalSection(SolutionConfigurationPlatforms) = preSolution
		Debug|Any CPU = Debug|Any CPU
		Release|Any CPU = Release|Any CPU
	EndGlobalSection
	GlobalSection(ProjectConfigurationPlatforms) = postSolution
		{27366010-F581-46CF-BC81-B46CBE81B05C}.Debug|Any CPU.ActiveCfg = Debug|Any CPU
		{27366010-F581-46CF-BC81-B46CBE81B05C}.Debug|Any CPU.Build.0 = Debug|Any CPU
		{27366010-F581-46CF-BC81-B46CBE81B05C}.Release|Any CPU.ActiveCfg = Release|Any CPU
		{27366010-F581-46CF-BC81-B46CBE81B05C}.Release|Any CPU.Build.0 = Release|Any CPU
	EndGlobalSection
	GlobalSection(SolutionProperties) = preSolution
		HideSolutionNode = FALSE
	EndGlobalSection
	GlobalSection(ExtensibilityGlobals) = postSolution
		SolutionGuid = {FD0B3EFD-475A-45DD-9E38-6C22DB4B24D9}
	EndGlobalSection
EndGlobal
